
Microsoft Visual Studio Solution File, Format Version 12.00
# Visual Studio Version 17
VisualStudioVersion = 17.2.32616.157
MinimumVisualStudioVersion = 10.0.40219.1
Project("{FAE04EC0-301F-11D3-BF4B-00C04F79EFBC}") = "ConsoleProject", "ConsoleProject\ConsoleProject.csproj", "{C7560930-A2DF-4888-8C45-5F4D2078CE01}"
EndProject
Global
	GlobalSection(SolutionConfigurationPlatforms) = preSolution
		Debug|Any CPU = Debug|Any CPU
		Release|Any CPU = Release|Any CPU
	EndGlobalSection
	GlobalSection(ProjectConfigurationPlatforms) = postSolution
		{C7560930-A2DF-4888-8C45-5F4D2078CE01}.Debug|Any CPU.ActiveCfg = Debug|Any CPU
		{C7560930-A2DF-4888-8C45-5F4D2078CE01}.Debug|Any CPU.Build.0 = Debug|Any CPU
		{C7560930-A2DF-4888-8C45-5F4D2078CE01}.Release|Any CPU.ActiveCfg = Release|Any CPU
		{C7560930-A2DF-4888-8C45-5F4D2078CE01}.Release|Any CPU.Build.0 = Release|Any CPU
	EndGlobalSection
	GlobalSection(SolutionProperties) = preSolution
		HideSolutionNode = FALSE
	EndGlobalSection
	GlobalSection(ExtensibilityGlobals) = postSolution
		SolutionGuid = {DD70D838-A709-4C56-830F-AC82216FF32A}
	EndGlobalSection
EndGlobal
